
Microsoft Visual Studio Solution File, Format Version 12.00
# Visual Studio Version 16
VisualStudioVersion = 16.0.31129.286
MinimumVisualStudioVersion = 10.0.40219.1
Project("{FAE04EC0-301F-11D3-BF4B-00C04F79EFBC}") = "Teste", "Teste\Teste.csproj", "{B99CB026-3027-4CBE-A3CE-69F875569137}"
EndProject
Global
	GlobalSection(SolutionConfigurationPlatforms) = preSolution
		Debug|Any CPU = Debug|Any CPU
		Release|Any CPU = Release|Any CPU
	EndGlobalSection
	GlobalSection(ProjectConfigurationPlatforms) = postSolution
		{B99CB026-3027-4CBE-A3CE-69F875569137}.Debug|Any CPU.ActiveCfg = Debug|Any CPU
		{B99CB026-3027-4CBE-A3CE-69F875569137}.Debug|Any CPU.Build.0 = Debug|Any CPU
		{B99CB026-3027-4CBE-A3CE-69F875569137}.Release|Any CPU.ActiveCfg = Release|Any CPU
		{B99CB026-3027-4CBE-A3CE-69F875569137}.Release|Any CPU.Build.0 = Release|Any CPU
	EndGlobalSection
	GlobalSection(SolutionProperties) = preSolution
		HideSolutionNode = FALSE
	EndGlobalSection
	GlobalSection(ExtensibilityGlobals) = postSolution
		SolutionGuid = {D81985FC-7E1F-48D7-A128-316D37B1391D}
	EndGlobalSection
EndGlobal
